
Microsoft Visual Studio Solution File, Format Version 12.00
# Visual Studio 15
VisualStudioVersion = 15.0.28307.572
MinimumVisualStudioVersion = 10.0.40219.1
Project("{FAE04EC0-301F-11D3-BF4B-00C04F79EFBC}") = "GestorOficina", "Gestor de oficina\GestorOficina.csproj", "{551DED15-0AB8-4F93-8BD7-6ACAC71D8906}"
EndProject
Global
	GlobalSection(SolutionConfigurationPlatforms) = preSolution
		Debug|Any CPU = Debug|Any CPU
		Release|Any CPU = Release|Any CPU
	EndGlobalSection
	GlobalSection(ProjectConfigurationPlatforms) = postSolution
		{551DED15-0AB8-4F93-8BD7-6ACAC71D8906}.Debug|Any CPU.ActiveCfg = Debug|Any CPU
		{551DED15-0AB8-4F93-8BD7-6ACAC71D8906}.Debug|Any CPU.Build.0 = Debug|Any CPU
		{551DED15-0AB8-4F93-8BD7-6ACAC71D8906}.Release|Any CPU.ActiveCfg = Release|Any CPU
		{551DED15-0AB8-4F93-8BD7-6ACAC71D8906}.Release|Any CPU.Build.0 = Release|Any CPU
	EndGlobalSection
	GlobalSection(SolutionProperties) = preSolution
		HideSolutionNode = FALSE
	EndGlobalSection
	GlobalSection(ExtensibilityGlobals) = postSolution
		SolutionGuid = {909D3A37-BE44-491A-A1BB-F1EF6A816D6D}
	EndGlobalSection
EndGlobal
